// !$*UTF8*$!
{
	archiveVersion = 1;
	classes = {
	};
	objectVersion = 55;
	objects = {

/* Begin PBXBuildFile section */
		656CD80E27ADD5510009DDE9 /* Tests_iOS.swift in Sources */ = {isa = PBXBuildFile; fileRef = 656CD80D27ADD5510009DDE9 /* Tests_iOS.swift */; };
		656CD81027ADD5510009DDE9 /* Tests_iOSLaunchTests.swift in Sources */ = {isa = PBXBuildFile; fileRef = 656CD80F27ADD5510009DDE9 /* Tests_iOSLaunchTests.swift */; };
		656CD81A27ADD5520009DDE9 /* Tests_macOS.swift in Sources */ = {isa = PBXBuildFile; fileRef = 656CD81927ADD5520009DDE9 /* Tests_macOS.swift */; };
		656CD81C27ADD5520009DDE9 /* Tests_macOSLaunchTests.swift in Sources */ = {isa = PBXBuildFile; fileRef = 656CD81B27ADD5520009DDE9 /* Tests_macOSLaunchTests.swift */; };
		656CD81D27ADD5520009DDE9 /* Monte_Carlo_e_x_dxApp.swift in Sources */ = {isa = PBXBuildFile; fileRef = 656CD7F527ADD54B0009DDE9 /* Monte_Carlo_e_x_dxApp.swift */; };
		656CD81E27ADD5520009DDE9 /* Monte_Carlo_e_x_dxApp.swift in Sources */ = {isa = PBXBuildFile; fileRef = 656CD7F527ADD54B0009DDE9 /* Monte_Carlo_e_x_dxApp.swift */; };
		656CD81F27ADD5520009DDE9 /* ContentView.swift in Sources */ = {isa = PBXBuildFile; fileRef = 656CD7F627ADD54B0009DDE9 /* ContentView.swift */; };
		656CD82027ADD5520009DDE9 /* ContentView.swift in Sources */ = {isa = PBXBuildFile; fileRef = 656CD7F627ADD54B0009DDE9 /* ContentView.swift */; };
		656CD82127ADD5520009DDE9 /* Assets.xcassets in Resources */ = {isa = PBXBuildFile; fileRef = 656CD7F727ADD5510009DDE9 /* Assets.xcassets */; };
		656CD82227ADD5520009DDE9 /* Assets.xcassets in Resources */ = {isa = PBXBuildFile; fileRef = 656CD7F727ADD5510009DDE9 /* Assets.xcassets */; };
		656CD83527ADD6010009DDE9 /* BoundingBox.swift in Sources */ = {isa = PBXBuildFile; fileRef = 656CD83427ADD6010009DDE9 /* BoundingBox.swift */; };
		656CD83627ADD6010009DDE9 /* BoundingBox.swift in Sources */ = {isa = PBXBuildFile; fileRef = 656CD83427ADD6010009DDE9 /* BoundingBox.swift */; };
		656CD83827ADDD220009DDE9 /* MonteCarloIntegration.swift in Sources */ = {isa = PBXBuildFile; fileRef = 656CD83727ADDD220009DDE9 /* MonteCarloIntegration.swift */; };
		656CD83927ADDD220009DDE9 /* MonteCarloIntegration.swift in Sources */ = {isa = PBXBuildFile; fileRef = 656CD83727ADDD220009DDE9 /* MonteCarloIntegration.swift */; };
		656CD83B27B5FF350009DDE9 /* DrawingView.swift in Sources */ = {isa = PBXBuildFile; fileRef = 656CD83A27B5FF350009DDE9 /* DrawingView.swift */; };
		656CD83C27B5FF350009DDE9 /* DrawingView.swift in Sources */ = {isa = PBXBuildFile; fileRef = 656CD83A27B5FF350009DDE9 /* DrawingView.swift */; };
		656CD88927B703680009DDE9 /* CorePlot.swift in Sources */ = {isa = PBXBuildFile; fileRef = 656CD88827B703680009DDE9 /* CorePlot.swift */; };
		656CD88A27B703680009DDE9 /* CorePlot.swift in Sources */ = {isa = PBXBuildFile; fileRef = 656CD88827B703680009DDE9 /* CorePlot.swift */; };
		656CD88C27B703DE0009DDE9 /* PlotDataClass.swift in Sources */ = {isa = PBXBuildFile; fileRef = 656CD88B27B703DE0009DDE9 /* PlotDataClass.swift */; };
		656CD88D27B703DE0009DDE9 /* PlotDataClass.swift in Sources */ = {isa = PBXBuildFile; fileRef = 656CD88B27B703DE0009DDE9 /* PlotDataClass.swift */; };
		656CD89027B704370009DDE9 /* CorePlot in Frameworks */ = {isa = PBXBuildFile; productRef = 656CD88F27B704370009DDE9 /* CorePlot */; };
		656CD89227B704570009DDE9 /* CalculatePlotData.swift in Sources */ = {isa = PBXBuildFile; fileRef = 656CD89127B704570009DDE9 /* CalculatePlotData.swift */; };
		656CD89327B704570009DDE9 /* CalculatePlotData.swift in Sources */ = {isa = PBXBuildFile; fileRef = 656CD89127B704570009DDE9 /* CalculatePlotData.swift */; };
		656CD89527B7047D0009DDE9 /* ChangingPlotParameters.swift in Sources */ = {isa = PBXBuildFile; fileRef = 656CD89427B7047D0009DDE9 /* ChangingPlotParameters.swift */; };
		656CD89627B7047D0009DDE9 /* ChangingPlotParameters.swift in Sources */ = {isa = PBXBuildFile; fileRef = 656CD89427B7047D0009DDE9 /* ChangingPlotParameters.swift */; };
		656CD89927B7070C0009DDE9 /* CorePlot in Frameworks */ = {isa = PBXBuildFile; productRef = 656CD89827B7070C0009DDE9 /* CorePlot */; };
/* End PBXBuildFile section */

/* Begin PBXContainerItemProxy section */
		656CD80A27ADD5510009DDE9 /* PBXContainerItemProxy */ = {
			isa = PBXContainerItemProxy;
			containerPortal = 656CD7F027ADD54B0009DDE9 /* Project object */;
			proxyType = 1;
			remoteGlobalIDString = 656CD7FB27ADD5510009DDE9;
			remoteInfo = "Monte-Carlo-e-x-dx (iOS)";
		};
		656CD81627ADD5520009DDE9 /* PBXContainerItemProxy */ = {
			isa = PBXContainerItemProxy;
			containerPortal = 656CD7F027ADD54B0009DDE9 /* Project object */;
			proxyType = 1;
			remoteGlobalIDString = 656CD80127ADD5510009DDE9;
			remoteInfo = "Monte-Carlo-e-x-dx (macOS)";
		};
/* End PBXContainerItemProxy section */

/* Begin PBXFileReference section */
		656CD7F527ADD54B0009DDE9 /* Monte_Carlo_e_x_dxApp.swift */ = {isa = PBXFileReference; lastKnownFileType = sourcecode.swift; path = Monte_Carlo_e_x_dxApp.swift; sourceTree = "<group>"; };
		656CD7F627ADD54B0009DDE9 /* ContentView.swift */ = {isa = PBXFileReference; lastKnownFileType = sourcecode.swift; path = ContentView.swift; sourceTree = "<group>"; };
		656CD7F727ADD5510009DDE9 /* Assets.xcassets */ = {isa = PBXFileReference; lastKnownFileType = folder.assetcatalog; path = Assets.xcassets; sourceTree = "<group>"; };
		656CD7FC27ADD5510009DDE9 /* Monte-Carlo-e-x-dx.app */ = {isa = PBXFileReference; explicitFileType = wrapper.application; includeInIndex = 0; path = "Monte-Carlo-e-x-dx.app"; sourceTree = BUILT_PRODUCTS_DIR; };
		656CD80227ADD5510009DDE9 /* Monte-Carlo-e-x-dx.app */ = {isa = PBXFileReference; explicitFileType = wrapper.application; includeInIndex = 0; path = "Monte-Carlo-e-x-dx.app"; sourceTree = BUILT_PRODUCTS_DIR; };
		656CD80427ADD5510009DDE9 /* macOS.entitlements */ = {isa = PBXFileReference; lastKnownFileType = text.plist.entitlements; path = macOS.entitlements; sourceTree = "<group>"; };
		656CD80927ADD5510009DDE9 /* Tests iOS.xctest */ = {isa = PBXFileReference; explicitFileType = wrapper.cfbundle; includeInIndex = 0; path = "Tests iOS.xctest"; sourceTree = BUILT_PRODUCTS_DIR; };
		656CD80D27ADD5510009DDE9 /* Tests_iOS.swift */ = {isa = PBXFileReference; lastKnownFileType = sourcecode.swift; path = Tests_iOS.swift; sourceTree = "<group>"; };
		656CD80F27ADD5510009DDE9 /* Tests_iOSLaunchTests.swift */ = {isa = PBXFileReference; lastKnownFileType = sourcecode.swift; path = Tests_iOSLaunchTests.swift; sourceTree = "<group>"; };
		656CD81527ADD5520009DDE9 /* Tests macOS.xctest */ = {isa = PBXFileReference; explicitFileType = wrapper.cfbundle; includeInIndex = 0; path = "Tests macOS.xctest"; sourceTree = BUILT_PRODUCTS_DIR; };
		656CD81927ADD5520009DDE9 /* Tests_macOS.swift */ = {isa = PBXFileReference; lastKnownFileType = sourcecode.swift; path = Tests_macOS.swift; sourceTree = "<group>"; };
		656CD81B27ADD5520009DDE9 /* Tests_macOSLaunchTests.swift */ = {isa = PBXFileReference; lastKnownFileType = sourcecode.swift; path = Tests_macOSLaunchTests.swift; sourceTree = "<group>"; };
		656CD83427ADD6010009DDE9 /* BoundingBox.swift */ = {isa = PBXFileReference; lastKnownFileType = sourcecode.swift; path = BoundingBox.swift; sourceTree = "<group>"; };
		656CD83727ADDD220009DDE9 /* MonteCarloIntegration.swift */ = {isa = PBXFileReference; lastKnownFileType = sourcecode.swift; path = MonteCarloIntegration.swift; sourceTree = "<group>"; };
		656CD83A27B5FF350009DDE9 /* DrawingView.swift */ = {isa = PBXFileReference; lastKnownFileType = sourcecode.swift; path = DrawingView.swift; sourceTree = "<group>"; };
		656CD88827B703680009DDE9 /* CorePlot.swift */ = {isa = PBXFileReference; lastKnownFileType = sourcecode.swift; path = CorePlot.swift; sourceTree = "<group>"; };
		656CD88B27B703DE0009DDE9 /* PlotDataClass.swift */ = {isa = PBXFileReference; lastKnownFileType = sourcecode.swift; path = PlotDataClass.swift; sourceTree = "<group>"; };
		656CD89127B704570009DDE9 /* CalculatePlotData.swift */ = {isa = PBXFileReference; lastKnownFileType = sourcecode.swift; path = CalculatePlotData.swift; sourceTree = "<group>"; };
		656CD89427B7047D0009DDE9 /* ChangingPlotParameters.swift */ = {isa = PBXFileReference; lastKnownFileType = sourcecode.swift; path = ChangingPlotParameters.swift; sourceTree = "<group>"; };
/* End PBXFileReference section */

/* Begin PBXFrameworksBuildPhase section */
		656CD7F927ADD5510009DDE9 /* Frameworks */ = {
			isa = PBXFrameworksBuildPhase;
			buildActionMask = 2147483647;
			files = (
				656CD89027B704370009DDE9 /* CorePlot in Frameworks */,
			);
			runOnlyForDeploymentPostprocessing = 0;
		};
		656CD7FF27ADD5510009DDE9 /* Frameworks */ = {
			isa = PBXFrameworksBuildPhase;
			buildActionMask = 2147483647;
			files = (
				656CD89927B7070C0009DDE9 /* CorePlot in Frameworks */,
			);
			runOnlyForDeploymentPostprocessing = 0;
		};
		656CD80627ADD5510009DDE9 /* Frameworks */ = {
			isa = PBXFrameworksBuildPhase;
			buildActionMask = 2147483647;
			files = (
			);
			runOnlyForDeploymentPostprocessing = 0;
		};
		656CD81227ADD5520009DDE9 /* Frameworks */ = {
			isa = PBXFrameworksBuildPhase;
			buildActionMask = 2147483647;
			files = (
			);
			runOnlyForDeploymentPostprocessing = 0;
		};
/* End PBXFrameworksBuildPhase section */

/* Begin PBXGroup section */
		656CD7EF27ADD54B0009DDE9 = {
			isa = PBXGroup;
			children = (
				656CD7F427ADD54B0009DDE9 /* Shared */,
				656CD80327ADD5510009DDE9 /* macOS */,
				656CD80C27ADD5510009DDE9 /* Tests iOS */,
				656CD81827ADD5520009DDE9 /* Tests macOS */,
				656CD7FD27ADD5510009DDE9 /* Products */,
				656CD89727B7070C0009DDE9 /* Frameworks */,
			);
			sourceTree = "<group>";
		};
		656CD7F427ADD54B0009DDE9 /* Shared */ = {
			isa = PBXGroup;
			children = (
				656CD7F527ADD54B0009DDE9 /* Monte_Carlo_e_x_dxApp.swift */,
				656CD83427ADD6010009DDE9 /* BoundingBox.swift */,
				656CD7F627ADD54B0009DDE9 /* ContentView.swift */,
				656CD88827B703680009DDE9 /* CorePlot.swift */,
				656CD89127B704570009DDE9 /* CalculatePlotData.swift */,
				656CD89427B7047D0009DDE9 /* ChangingPlotParameters.swift */,
				656CD88B27B703DE0009DDE9 /* PlotDataClass.swift */,
				656CD83727ADDD220009DDE9 /* MonteCarloIntegration.swift */,
				656CD83A27B5FF350009DDE9 /* DrawingView.swift */,
				656CD7F727ADD5510009DDE9 /* Assets.xcassets */,
			);
			path = Shared;
			sourceTree = "<group>";
		};
		656CD7FD27ADD5510009DDE9 /* Products */ = {
			isa = PBXGroup;
			children = (
				656CD7FC27ADD5510009DDE9 /* Monte-Carlo-e-x-dx.app */,
				656CD80227ADD5510009DDE9 /* Monte-Carlo-e-x-dx.app */,
				656CD80927ADD5510009DDE9 /* Tests iOS.xctest */,
				656CD81527ADD5520009DDE9 /* Tests macOS.xctest */,
			);
			name = Products;
			sourceTree = "<group>";
		};
		656CD80327ADD5510009DDE9 /* macOS */ = {
			isa = PBXGroup;
			children = (
				656CD80427ADD5510009DDE9 /* macOS.entitlements */,
			);
			path = macOS;
			sourceTree = "<group>";
		};
		656CD80C27ADD5510009DDE9 /* Tests iOS */ = {
			isa = PBXGroup;
			children = (
				656CD80D27ADD5510009DDE9 /* Tests_iOS.swift */,
				656CD80F27ADD5510009DDE9 /* Tests_iOSLaunchTests.swift */,
			);
			path = "Tests iOS";
			sourceTree = "<group>";
		};
		656CD81827ADD5520009DDE9 /* Tests macOS */ = {
			isa = PBXGroup;
			children = (
				656CD81927ADD5520009DDE9 /* Tests_macOS.swift */,
				656CD81B27ADD5520009DDE9 /* Tests_macOSLaunchTests.swift */,
			);
			path = "Tests macOS";
			sourceTree = "<group>";
		};
		656CD89727B7070C0009DDE9 /* Frameworks */ = {
			isa = PBXGroup;
			children = (
			);
			name = Frameworks;
			sourceTree = "<group>";
		};
/* End PBXGroup section */

/* Begin PBXNativeTarget section */
		656CD7FB27ADD5510009DDE9 /* Monte-Carlo-e-x-dx (iOS) */ = {
			isa = PBXNativeTarget;
			buildConfigurationList = 656CD82527ADD5520009DDE9 /* Build configuration list for PBXNativeTarget "Monte-Carlo-e-x-dx (iOS)" */;
			buildPhases = (
				656CD7F827ADD5510009DDE9 /* Sources */,
				656CD7F927ADD5510009DDE9 /* Frameworks */,
				656CD7FA27ADD5510009DDE9 /* Resources */,
			);
			buildRules = (
			);
			dependencies = (
			);
			name = "Monte-Carlo-e-x-dx (iOS)";
			packageProductDependencies = (
				656CD88F27B704370009DDE9 /* CorePlot */,
			);
			productName = "Monte-Carlo-e-x-dx (iOS)";
			productReference = 656CD7FC27ADD5510009DDE9 /* Monte-Carlo-e-x-dx.app */;
			productType = "com.apple.product-type.application";
		};
		656CD80127ADD5510009DDE9 /* Monte-Carlo-e-x-dx (macOS) */ = {
			isa = PBXNativeTarget;
			buildConfigurationList = 656CD82827ADD5520009DDE9 /* Build configuration list for PBXNativeTarget "Monte-Carlo-e-x-dx (macOS)" */;
			buildPhases = (
				656CD7FE27ADD5510009DDE9 /* Sources */,
				656CD7FF27ADD5510009DDE9 /* Frameworks */,
				656CD80027ADD5510009DDE9 /* Resources */,
			);
			buildRules = (
			);
			dependencies = (
			);
			name = "Monte-Carlo-e-x-dx (macOS)";
			packageProductDependencies = (
				656CD89827B7070C0009DDE9 /* CorePlot */,
			);
			productName = "Monte-Carlo-e-x-dx (macOS)";
			productReference = 656CD80227ADD5510009DDE9 /* Monte-Carlo-e-x-dx.app */;
			productType = "com.apple.product-type.application";
		};
		656CD80827ADD5510009DDE9 /* Tests iOS */ = {
			isa = PBXNativeTarget;
			buildConfigurationList = 656CD82B27ADD5520009DDE9 /* Build configuration list for PBXNativeTarget "Tests iOS" */;
			buildPhases = (
				656CD80527ADD5510009DDE9 /* Sources */,
				656CD80627ADD5510009DDE9 /* Frameworks */,
				656CD80727ADD5510009DDE9 /* Resources */,
			);
			buildRules = (
			);
			dependencies = (
				656CD80B27ADD5510009DDE9 /* PBXTargetDependency */,
			);
			name = "Tests iOS";
			productName = "Tests iOS";
			productReference = 656CD80927ADD5510009DDE9 /* Tests iOS.xctest */;
			productType = "com.apple.product-type.bundle.ui-testing";
		};
		656CD81427ADD5520009DDE9 /* Tests macOS */ = {
			isa = PBXNativeTarget;
			buildConfigurationList = 656CD82E27ADD5520009DDE9 /* Build configuration list for PBXNativeTarget "Tests macOS" */;
			buildPhases = (
				656CD81127ADD5520009DDE9 /* Sources */,
				656CD81227ADD5520009DDE9 /* Frameworks */,
				656CD81327ADD5520009DDE9 /* Resources */,
			);
			buildRules = (
			);
			dependencies = (
				656CD81727ADD5520009DDE9 /* PBXTargetDependency */,
			);
			name = "Tests macOS";
			productName = "Tests macOS";
			productReference = 656CD81527ADD5520009DDE9 /* Tests macOS.xctest */;
			productType = "com.apple.product-type.bundle.ui-testing";
		};
/* End PBXNativeTarget section */

/* Begin PBXProject section */
		656CD7F027ADD54B0009DDE9 /* Project object */ = {
			isa = PBXProject;
			attributes = {
				BuildIndependentTargetsInParallel = 1;
				LastSwiftUpdateCheck = 1320;
				LastUpgradeCheck = 1320;
				TargetAttributes = {
					656CD7FB27ADD5510009DDE9 = {
						CreatedOnToolsVersion = 13.2.1;
					};
					656CD80127ADD5510009DDE9 = {
						CreatedOnToolsVersion = 13.2.1;
					};
					656CD80827ADD5510009DDE9 = {
						CreatedOnToolsVersion = 13.2.1;
						TestTargetID = 656CD7FB27ADD5510009DDE9;
					};
					656CD81427ADD5520009DDE9 = {
						CreatedOnToolsVersion = 13.2.1;
						TestTargetID = 656CD80127ADD5510009DDE9;
					};
				};
			};
			buildConfigurationList = 656CD7F327ADD54B0009DDE9 /* Build configuration list for PBXProject "Monte-Carlo-e-x-dx" */;
			compatibilityVersion = "Xcode 13.0";
			developmentRegion = en;
			hasScannedForEncodings = 0;
			knownRegions = (
				en,
				Base,
			);
			mainGroup = 656CD7EF27ADD54B0009DDE9;
			packageReferences = (
				656CD88E27B704370009DDE9 /* XCRemoteSwiftPackageReference "core-plot" */,
			);
			productRefGroup = 656CD7FD27ADD5510009DDE9 /* Products */;
			projectDirPath = "";
			projectRoot = "";
			targets = (
				656CD7FB27ADD5510009DDE9 /* Monte-Carlo-e-x-dx (iOS) */,
				656CD80127ADD5510009DDE9 /* Monte-Carlo-e-x-dx (macOS) */,
				656CD80827ADD5510009DDE9 /* Tests iOS */,
				656CD81427ADD5520009DDE9 /* Tests macOS */,
			);
		};
/* End PBXProject section */

/* Begin PBXResourcesBuildPhase section */
		656CD7FA27ADD5510009DDE9 /* Resources */ = {
			isa = PBXResourcesBuildPhase;
			buildActionMask = 2147483647;
			files = (
				656CD82127ADD5520009DDE9 /* Assets.xcassets in Resources */,
			);
			runOnlyForDeploymentPostprocessing = 0;
		};
		656CD80027ADD5510009DDE9 /* Resources */ = {
			isa = PBXResourcesBuildPhase;
			buildActionMask = 2147483647;
			files = (
				656CD82227ADD5520009DDE9 /* Assets.xcassets in Resources */,
			);
			runOnlyForDeploymentPostprocessing = 0;
		};
		656CD80727ADD5510009DDE9 /* Resources */ = {
			isa = PBXResourcesBuildPhase;
			buildActionMask = 2147483647;
			files = (
			);
			runOnlyForDeploymentPostprocessing = 0;
		};
		656CD81327ADD5520009DDE9 /* Resources */ = {
			isa = PBXResourcesBuildPhase;
			buildActionMask = 2147483647;
			files = (
			);
			runOnlyForDeploymentPostprocessing = 0;
		};
/* End PBXResourcesBuildPhase section */

/* Begin PBXSourcesBuildPhase section */
		656CD7F827ADD5510009DDE9 /* Sources */ = {
			isa = PBXSourcesBuildPhase;
			buildActionMask = 2147483647;
			files = (
				656CD83527ADD6010009DDE9 /* BoundingBox.swift in Sources */,
				656CD89227B704570009DDE9 /* CalculatePlotData.swift in Sources */,
				656CD81F27ADD5520009DDE9 /* ContentView.swift in Sources */,
				656CD83B27B5FF350009DDE9 /* DrawingView.swift in Sources */,
				656CD88927B703680009DDE9 /* CorePlot.swift in Sources */,
				656CD88C27B703DE0009DDE9 /* PlotDataClass.swift in Sources */,
				656CD83827ADDD220009DDE9 /* MonteCarloIntegration.swift in Sources */,
				656CD81D27ADD5520009DDE9 /* Monte_Carlo_e_x_dxApp.swift in Sources */,
				656CD89527B7047D0009DDE9 /* ChangingPlotParameters.swift in Sources */,
			);
			runOnlyForDeploymentPostprocessing = 0;
		};
		656CD7FE27ADD5510009DDE9 /* Sources */ = {
			isa = PBXSourcesBuildPhase;
			buildActionMask = 2147483647;
			files = (
				656CD83627ADD6010009DDE9 /* BoundingBox.swift in Sources */,
				656CD89327B704570009DDE9 /* CalculatePlotData.swift in Sources */,
				656CD82027ADD5520009DDE9 /* ContentView.swift in Sources */,
				656CD83C27B5FF350009DDE9 /* DrawingView.swift in Sources */,
				656CD88A27B703680009DDE9 /* CorePlot.swift in Sources */,
				656CD88D27B703DE0009DDE9 /* PlotDataClass.swift in Sources */,
				656CD83927ADDD220009DDE9 /* MonteCarloIntegration.swift in Sources */,
				656CD81E27ADD5520009DDE9 /* Monte_Carlo_e_x_dxApp.swift in Sources */,
				656CD89627B7047D0009DDE9 /* ChangingPlotParameters.swift in Sources */,
			);
			runOnlyForDeploymentPostprocessing = 0;
		};
		656CD80527ADD5510009DDE9 /* Sources */ = {
			isa = PBXSourcesBuildPhase;
			buildActionMask = 2147483647;
			files = (
				656CD81027ADD5510009DDE9 /* Tests_iOSLaunchTests.swift in Sources */,
				656CD80E27ADD5510009DDE9 /* Tests_iOS.swift in Sources */,
			);
			runOnlyForDeploymentPostprocessing = 0;
		};
		656CD81127ADD5520009DDE9 /* Sources */ = {
			isa = PBXSourcesBuildPhase;
			buildActionMask = 2147483647;
			files = (
				656CD81C27ADD5520009DDE9 /* Tests_macOSLaunchTests.swift in Sources */,
				656CD81A27ADD5520009DDE9 /* Tests_macOS.swift in Sources */,
			);
			runOnlyForDeploymentPostprocessing = 0;
		};
/* End PBXSourcesBuildPhase section */

/* Begin PBXTargetDependency section */
		656CD80B27ADD5510009DDE9 /* PBXTargetDependency */ = {
			isa = PBXTargetDependency;
			target = 656CD7FB27ADD5510009DDE9 /* Monte-Carlo-e-x-dx (iOS) */;
			targetProxy = 656CD80A27ADD5510009DDE9 /* PBXContainerItemProxy */;
		};
		656CD81727ADD5520009DDE9 /* PBXTargetDependency */ = {
			isa = PBXTargetDependency;
			target = 656CD80127ADD5510009DDE9 /* Monte-Carlo-e-x-dx (macOS) */;
			targetProxy = 656CD81627ADD5520009DDE9 /* PBXContainerItemProxy */;
		};
/* End PBXTargetDependency section */

/* Begin XCBuildConfiguration section */
		656CD82327ADD5520009DDE9 /* Debug */ = {
			isa = XCBuildConfiguration;
			buildSettings = {
				ALWAYS_SEARCH_USER_PATHS = NO;
				CLANG_ANALYZER_NONNULL = YES;
				CLANG_ANALYZER_NUMBER_OBJECT_CONVERSION = YES_AGGRESSIVE;
				CLANG_CXX_LANGUAGE_STANDARD = "gnu++17";
				CLANG_CXX_LIBRARY = "libc++";
				CLANG_ENABLE_MODULES = YES;
				CLANG_ENABLE_OBJC_ARC = YES;
				CLANG_ENABLE_OBJC_WEAK = YES;
				CLANG_WARN_BLOCK_CAPTURE_AUTORELEASING = YES;
				CLANG_WARN_BOOL_CONVERSION = YES;
				CLANG_WARN_COMMA = YES;
				CLANG_WARN_CONSTANT_CONVERSION = YES;
				CLANG_WARN_DEPRECATED_OBJC_IMPLEMENTATIONS = YES;
				CLANG_WARN_DIRECT_OBJC_ISA_USAGE = YES_ERROR;
				CLANG_WARN_DOCUMENTATION_COMMENTS = YES;
				CLANG_WARN_EMPTY_BODY = YES;
				CLANG_WARN_ENUM_CONVERSION = YES;
				CLANG_WARN_INFINITE_RECURSION = YES;
				CLANG_WARN_INT_CONVERSION = YES;
				CLANG_WARN_NON_LITERAL_NULL_CONVERSION = YES;
				CLANG_WARN_OBJC_IMPLICIT_RETAIN_SELF = YES;
				CLANG_WARN_OBJC_LITERAL_CONVERSION = YES;
				CLANG_WARN_OBJC_ROOT_CLASS = YES_ERROR;
				CLANG_WARN_QUOTED_INCLUDE_IN_FRAMEWORK_HEADER = YES;
				CLANG_WARN_RANGE_LOOP_ANALYSIS = YES;
				CLANG_WARN_STRICT_PROTOTYPES = YES;
				CLANG_WARN_SUSPICIOUS_MOVE = YES;
				CLANG_WARN_UNGUARDED_AVAILABILITY = YES_AGGRESSIVE;
				CLANG_WARN_UNREACHABLE_CODE = YES;
				CLANG_WARN__DUPLICATE_METHOD_MATCH = YES;
				COPY_PHASE_STRIP = NO;
				DEBUG_INFORMATION_FORMAT = dwarf;
				ENABLE_STRICT_OBJC_MSGSEND = YES;
				ENABLE_TESTABILITY = YES;
				GCC_C_LANGUAGE_STANDARD = gnu11;
				GCC_DYNAMIC_NO_PIC = NO;
				GCC_NO_COMMON_BLOCKS = YES;
				GCC_OPTIMIZATION_LEVEL = 0;
				GCC_PREPROCESSOR_DEFINITIONS = (
					"DEBUG=1",
					"$(inherited)",
				);
				GCC_WARN_64_TO_32_BIT_CONVERSION = YES;
				GCC_WARN_ABOUT_RETURN_TYPE = YES_ERROR;
				GCC_WARN_UNDECLARED_SELECTOR = YES;
				GCC_WARN_UNINITIALIZED_AUTOS = YES_AGGRESSIVE;
				GCC_WARN_UNUSED_FUNCTION = YES;
				GCC_WARN_UNUSED_VARIABLE = YES;
				MTL_ENABLE_DEBUG_INFO = INCLUDE_SOURCE;
				MTL_FAST_MATH = YES;
				ONLY_ACTIVE_ARCH = YES;
				SWIFT_ACTIVE_COMPILATION_CONDITIONS = DEBUG;
				SWIFT_OPTIMIZATION_LEVEL = "-Onone";
			};
			name = Debug;
		};
		656CD82427ADD5520009DDE9 /* Release */ = {
			isa = XCBuildConfiguration;
			buildSettings = {
				ALWAYS_SEARCH_USER_PATHS = NO;
				CLANG_ANALYZER_NONNULL = YES;
				CLANG_ANALYZER_NUMBER_OBJECT_CONVERSION = YES_AGGRESSIVE;
				CLANG_CXX_LANGUAGE_STANDARD = "gnu++17";
				CLANG_CXX_LIBRARY = "libc++";
				CLANG_ENABLE_MODULES = YES;
				CLANG_ENABLE_OBJC_ARC = YES;
				CLANG_ENABLE_OBJC_WEAK = YES;
				CLANG_WARN_BLOCK_CAPTURE_AUTORELEASING = YES;
				CLANG_WARN_BOOL_CONVERSION = YES;
				CLANG_WARN_COMMA = YES;
				CLANG_WARN_CONSTANT_CONVERSION = YES;
				CLANG_WARN_DEPRECATED_OBJC_IMPLEMENTATIONS = YES;
				CLANG_WARN_DIRECT_OBJC_ISA_USAGE = YES_ERROR;
				CLANG_WARN_DOCUMENTATION_COMMENTS = YES;
				CLANG_WARN_EMPTY_BODY = YES;
				CLANG_WARN_ENUM_CONVERSION = YES;
				CLANG_WARN_INFINITE_RECURSION = YES;
				CLANG_WARN_INT_CONVERSION = YES;
				CLANG_WARN_NON_LITERAL_NULL_CONVERSION = YES;
				CLANG_WARN_OBJC_IMPLICIT_RETAIN_SELF = YES;
				CLANG_WARN_OBJC_LITERAL_CONVERSION = YES;
				CLANG_WARN_OBJC_ROOT_CLASS = YES_ERROR;
				CLANG_WARN_QUOTED_INCLUDE_IN_FRAMEWORK_HEADER = YES;
				CLANG_WARN_RANGE_LOOP_ANALYSIS = YES;
				CLANG_WARN_STRICT_PROTOTYPES = YES;
				CLANG_WARN_SUSPICIOUS_MOVE = YES;
				CLANG_WARN_UNGUARDED_AVAILABILITY = YES_AGGRESSIVE;
				CLANG_WARN_UNREACHABLE_CODE = YES;
				CLANG_WARN__DUPLICATE_METHOD_MATCH = YES;
				COPY_PHASE_STRIP = NO;
				DEBUG_INFORMATION_FORMAT = "dwarf-with-dsym";
				ENABLE_NS_ASSERTIONS = NO;
				ENABLE_STRICT_OBJC_MSGSEND = YES;
				GCC_C_LANGUAGE_STANDARD = gnu11;
				GCC_NO_COMMON_BLOCKS = YES;
				GCC_WARN_64_TO_32_BIT_CONVERSION = YES;
				GCC_WARN_ABOUT_RETURN_TYPE = YES_ERROR;
				GCC_WARN_UNDECLARED_SELECTOR = YES;
				GCC_WARN_UNINITIALIZED_AUTOS = YES_AGGRESSIVE;
				GCC_WARN_UNUSED_FUNCTION = YES;
				GCC_WARN_UNUSED_VARIABLE = YES;
				MTL_ENABLE_DEBUG_INFO = NO;
				MTL_FAST_MATH = YES;
				SWIFT_COMPILATION_MODE = wholemodule;
				SWIFT_OPTIMIZATION_LEVEL = "-O";
			};
			name = Release;
		};
		656CD82627ADD5520009DDE9 /* Debug */ = {
			isa = XCBuildConfiguration;
			buildSettings = {
				ASSETCATALOG_COMPILER_APPICON_NAME = AppIcon;
				ASSETCATALOG_COMPILER_GLOBAL_ACCENT_COLOR_NAME = AccentColor;
				CODE_SIGN_STYLE = Automatic;
				CURRENT_PROJECT_VERSION = 1;
				DEVELOPMENT_TEAM = V2AC9R5899;
				ENABLE_PREVIEWS = YES;
				GENERATE_INFOPLIST_FILE = YES;
				INFOPLIST_KEY_UIApplicationSceneManifest_Generation = YES;
				INFOPLIST_KEY_UIApplicationSupportsIndirectInputEvents = YES;
				INFOPLIST_KEY_UILaunchScreen_Generation = YES;
				INFOPLIST_KEY_UISupportedInterfaceOrientations_iPad = "UIInterfaceOrientationPortrait UIInterfaceOrientationPortraitUpsideDown UIInterfaceOrientationLandscapeLeft UIInterfaceOrientationLandscapeRight";
				INFOPLIST_KEY_UISupportedInterfaceOrientations_iPhone = "UIInterfaceOrientationPortrait UIInterfaceOrientationLandscapeLeft UIInterfaceOrientationLandscapeRight";
				IPHONEOS_DEPLOYMENT_TARGET = 15.2;
				LD_RUNPATH_SEARCH_PATHS = (
					"$(inherited)",
					"@executable_path/Frameworks",
				);
				MARKETING_VERSION = 1.0;
				PRODUCT_BUNDLE_IDENTIFIER = "IIT.Monte-Carlo-e-x-dx";
				PRODUCT_NAME = "Monte-Carlo-e-x-dx";
				SDKROOT = iphoneos;
				SWIFT_EMIT_LOC_STRINGS = YES;
				SWIFT_VERSION = 5.0;
				TARGETED_DEVICE_FAMILY = "1,2";
			};
			name = Debug;
		};
		656CD82727ADD5520009DDE9 /* Release */ = {
			isa = XCBuildConfiguration;
			buildSettings = {
				ASSETCATALOG_COMPILER_APPICON_NAME = AppIcon;
				ASSETCATALOG_COMPILER_GLOBAL_ACCENT_COLOR_NAME = AccentColor;
				CODE_SIGN_STYLE = Automatic;
				CURRENT_PROJECT_VERSION = 1;
				DEVELOPMENT_TEAM = V2AC9R5899;
				ENABLE_PREVIEWS = YES;
				GENERATE_INFOPLIST_FILE = YES;
				INFOPLIST_KEY_UIApplicationSceneManifest_Generation = YES;
				INFOPLIST_KEY_UIApplicationSupportsIndirectInputEvents = YES;
				INFOPLIST_KEY_UILaunchScreen_Generation = YES;
				INFOPLIST_KEY_UISupportedInterfaceOrientations_iPad = "UIInterfaceOrientationPortrait UIInterfaceOrientationPortraitUpsideDown UIInterfaceOrientationLandscapeLeft UIInterfaceOrientationLandscapeRight";
				INFOPLIST_KEY_UISupportedInterfaceOrientations_iPhone = "UIInterfaceOrientationPortrait UIInterfaceOrientationLandscapeLeft UIInterfaceOrientationLandscapeRight";
				IPHONEOS_DEPLOYMENT_TARGET = 15.2;
				LD_RUNPATH_SEARCH_PATHS = (
					"$(inherited)",
					"@executable_path/Frameworks",
				);
				MARKETING_VERSION = 1.0;
				PRODUCT_BUNDLE_IDENTIFIER = "IIT.Monte-Carlo-e-x-dx";
				PRODUCT_NAME = "Monte-Carlo-e-x-dx";
				SDKROOT = iphoneos;
				SWIFT_EMIT_LOC_STRINGS = YES;
				SWIFT_VERSION = 5.0;
				TARGETED_DEVICE_FAMILY = "1,2";
				VALIDATE_PRODUCT = YES;
			};
			name = Release;
		};
		656CD82927ADD5520009DDE9 /* Debug */ = {
			isa = XCBuildConfiguration;
			buildSettings = {
				ASSETCATALOG_COMPILER_APPICON_NAME = AppIcon;
				ASSETCATALOG_COMPILER_GLOBAL_ACCENT_COLOR_NAME = AccentColor;
				CODE_SIGN_ENTITLEMENTS = macOS/macOS.entitlements;
				CODE_SIGN_STYLE = Automatic;
				COMBINE_HIDPI_IMAGES = YES;
				CURRENT_PROJECT_VERSION = 1;
				DEVELOPMENT_TEAM = V2AC9R5899;
				ENABLE_HARDENED_RUNTIME = YES;
				ENABLE_PREVIEWS = YES;
				GENERATE_INFOPLIST_FILE = YES;
				INFOPLIST_KEY_NSHumanReadableCopyright = "";
				LD_RUNPATH_SEARCH_PATHS = (
					"$(inherited)",
					"@executable_path/../Frameworks",
				);
				MACOSX_DEPLOYMENT_TARGET = 12.1;
				MARKETING_VERSION = 1.0;
				PRODUCT_BUNDLE_IDENTIFIER = "IIT.Monte-Carlo-e-x-dx";
				PRODUCT_NAME = "Monte-Carlo-e-x-dx";
				SDKROOT = macosx;
				SWIFT_EMIT_LOC_STRINGS = YES;
				SWIFT_VERSION = 5.0;
			};
			name = Debug;
		};
		656CD82A27ADD5520009DDE9 /* Release */ = {
			isa = XCBuildConfiguration;
			buildSettings = {
				ASSETCATALOG_COMPILER_APPICON_NAME = AppIcon;
				ASSETCATALOG_COMPILER_GLOBAL_ACCENT_COLOR_NAME = AccentColor;
				CODE_SIGN_ENTITLEMENTS = macOS/macOS.entitlements;
				CODE_SIGN_STYLE = Automatic;
				COMBINE_HIDPI_IMAGES = YES;
				CURRENT_PROJECT_VERSION = 1;
				DEVELOPMENT_TEAM = V2AC9R5899;
				ENABLE_HARDENED_RUNTIME = YES;
				ENABLE_PREVIEWS = YES;
				GENERATE_INFOPLIST_FILE = YES;
				INFOPLIST_KEY_NSHumanReadableCopyright = "";
				LD_RUNPATH_SEARCH_PATHS = (
					"$(inherited)",
					"@executable_path/../Frameworks",
				);
				MACOSX_DEPLOYMENT_TARGET = 12.1;
				MARKETING_VERSION = 1.0;
				PRODUCT_BUNDLE_IDENTIFIER = "IIT.Monte-Carlo-e-x-dx";
				PRODUCT_NAME = "Monte-Carlo-e-x-dx";
				SDKROOT = macosx;
				SWIFT_EMIT_LOC_STRINGS = YES;
				SWIFT_VERSION = 5.0;
			};
			name = Release;
		};
		656CD82C27ADD5520009DDE9 /* Debug */ = {
			isa = XCBuildConfiguration;
			buildSettings = {
				ALWAYS_EMBED_SWIFT_STANDARD_LIBRARIES = YES;
				CODE_SIGN_STYLE = Automatic;
				CURRENT_PROJECT_VERSION = 1;
				DEVELOPMENT_TEAM = V2AC9R5899;
				GENERATE_INFOPLIST_FILE = YES;
				IPHONEOS_DEPLOYMENT_TARGET = 15.2;
				MARKETING_VERSION = 1.0;
				PRODUCT_BUNDLE_IDENTIFIER = "IIT.Tests-iOS";
				PRODUCT_NAME = "$(TARGET_NAME)";
				SDKROOT = iphoneos;
				SWIFT_EMIT_LOC_STRINGS = NO;
				SWIFT_VERSION = 5.0;
				TARGETED_DEVICE_FAMILY = "1,2";
				TEST_TARGET_NAME = "Monte-Carlo-e-x-dx (iOS)";
			};
			name = Debug;
		};
		656CD82D27ADD5520009DDE9 /* Release */ = {
			isa = XCBuildConfiguration;
			buildSettings = {
				ALWAYS_EMBED_SWIFT_STANDARD_LIBRARIES = YES;
				CODE_SIGN_STYLE = Automatic;
				CURRENT_PROJECT_VERSION = 1;
				DEVELOPMENT_TEAM = V2AC9R5899;
				GENERATE_INFOPLIST_FILE = YES;
				IPHONEOS_DEPLOYMENT_TARGET = 15.2;
				MARKETING_VERSION = 1.0;
				PRODUCT_BUNDLE_IDENTIFIER = "IIT.Tests-iOS";
				PRODUCT_NAME = "$(TARGET_NAME)";
				SDKROOT = iphoneos;
				SWIFT_EMIT_LOC_STRINGS = NO;
				SWIFT_VERSION = 5.0;
				TARGETED_DEVICE_FAMILY = "1,2";
				TEST_TARGET_NAME = "Monte-Carlo-e-x-dx (iOS)";
				VALIDATE_PRODUCT = YES;
			};
			name = Release;
		};
		656CD82F27ADD5520009DDE9 /* Debug */ = {
			isa = XCBuildConfiguration;
			buildSettings = {
				ALWAYS_EMBED_SWIFT_STANDARD_LIBRARIES = YES;
				CODE_SIGN_STYLE = Automatic;
				CURRENT_PROJECT_VERSION = 1;
				DEVELOPMENT_TEAM = V2AC9R5899;
				GENERATE_INFOPLIST_FILE = YES;
				MACOSX_DEPLOYMENT_TARGET = 12.1;
				MARKETING_VERSION = 1.0;
				PRODUCT_BUNDLE_IDENTIFIER = "IIT.Tests-macOS";
				PRODUCT_NAME = "$(TARGET_NAME)";
				SDKROOT = macosx;
				SWIFT_EMIT_LOC_STRINGS = NO;
				SWIFT_VERSION = 5.0;
				TEST_TARGET_NAME = "Monte-Carlo-e-x-dx (macOS)";
			};
			name = Debug;
		};
		656CD83027ADD5520009DDE9 /* Release */ = {
			isa = XCBuildConfiguration;
			buildSettings = {
				ALWAYS_EMBED_SWIFT_STANDARD_LIBRARIES = YES;
				CODE_SIGN_STYLE = Automatic;
				CURRENT_PROJECT_VERSION = 1;
				DEVELOPMENT_TEAM = V2AC9R5899;
				GENERATE_INFOPLIST_FILE = YES;
				MACOSX_DEPLOYMENT_TARGET = 12.1;
				MARKETING_VERSION = 1.0;
				PRODUCT_BUNDLE_IDENTIFIER = "IIT.Tests-macOS";
				PRODUCT_NAME = "$(TARGET_NAME)";
				SDKROOT = macosx;
				SWIFT_EMIT_LOC_STRINGS = NO;
				SWIFT_VERSION = 5.0;
				TEST_TARGET_NAME = "Monte-Carlo-e-x-dx (macOS)";
			};
			name = Release;
		};
/* End XCBuildConfiguration section */

/* Begin XCConfigurationList section */
		656CD7F327ADD54B0009DDE9 /* Build configuration list for PBXProject "Monte-Carlo-e-x-dx" */ = {
			isa = XCConfigurationList;
			buildConfigurations = (
				656CD82327ADD5520009DDE9 /* Debug */,
				656CD82427ADD5520009DDE9 /* Release */,
			);
			defaultConfigurationIsVisible = 0;
			defaultConfigurationName = Release;
		};
		656CD82527ADD5520009DDE9 /* Build configuration list for PBXNativeTarget "Monte-Carlo-e-x-dx (iOS)" */ = {
			isa = XCConfigurationList;
			buildConfigurations = (
				656CD82627ADD5520009DDE9 /* Debug */,
				656CD82727ADD5520009DDE9 /* Release */,
			);
			defaultConfigurationIsVisible = 0;
			defaultConfigurationName = Release;
		};
		656CD82827ADD5520009DDE9 /* Build configuration list for PBXNativeTarget "Monte-Carlo-e-x-dx (macOS)" */ = {
			isa = XCConfigurationList;
			buildConfigurations = (
				656CD82927ADD5520009DDE9 /* Debug */,
				656CD82A27ADD5520009DDE9 /* Release */,
			);
			defaultConfigurationIsVisible = 0;
			defaultConfigurationName = Release;
		};
		656CD82B27ADD5520009DDE9 /* Build configuration list for PBXNativeTarget "Tests iOS" */ = {
			isa = XCConfigurationList;
			buildConfigurations = (
				656CD82C27ADD5520009DDE9 /* Debug */,
				656CD82D27ADD5520009DDE9 /* Release */,
			);
			defaultConfigurationIsVisible = 0;
			defaultConfigurationName = Release;
		};
		656CD82E27ADD5520009DDE9 /* Build configuration list for PBXNativeTarget "Tests macOS" */ = {
			isa = XCConfigurationList;
			buildConfigurations = (
				656CD82F27ADD5520009DDE9 /* Debug */,
				656CD83027ADD5520009DDE9 /* Release */,
			);
			defaultConfigurationIsVisible = 0;
			defaultConfigurationName = Release;
		};
/* End XCConfigurationList section */

/* Begin XCRemoteSwiftPackageReference section */
		656CD88E27B704370009DDE9 /* XCRemoteSwiftPackageReference "core-plot" */ = {
			isa = XCRemoteSwiftPackageReference;
			repositoryURL = "https://github.com/core-plot/core-plot";
			requirement = {
				branch = "release-2.4";
				kind = branch;
			};
		};
/* End XCRemoteSwiftPackageReference section */

/* Begin XCSwiftPackageProductDependency section */
		656CD88F27B704370009DDE9 /* CorePlot */ = {
			isa = XCSwiftPackageProductDependency;
			package = 656CD88E27B704370009DDE9 /* XCRemoteSwiftPackageReference "core-plot" */;
			productName = CorePlot;
		};
		656CD89827B7070C0009DDE9 /* CorePlot */ = {
			isa = XCSwiftPackageProductDependency;
			package = 656CD88E27B704370009DDE9 /* XCRemoteSwiftPackageReference "core-plot" */;
			productName = CorePlot;
		};
/* End XCSwiftPackageProductDependency section */
	};
	rootObject = 656CD7F027ADD54B0009DDE9 /* Project object */;
}
